
Microsoft Visual Studio Solution File, Format Version 12.00
# Visual Studio 15
VisualStudioVersion = 15.0.28307.168
MinimumVisualStudioVersion = 10.0.40219.1
Project("{FAE04EC0-301F-11D3-BF4B-00C04F79EFBC}") = "c0730192", "c0730192\c0730192.csproj", "{5E487021-C461-44AA-8753-42974F51AF56}"
EndProject
Global
	GlobalSection(SolutionConfigurationPlatforms) = preSolution
		Debug|Any CPU = Debug|Any CPU
		Release|Any CPU = Release|Any CPU
	EndGlobalSection
	GlobalSection(ProjectConfigurationPlatforms) = postSolution
		{5E487021-C461-44AA-8753-42974F51AF56}.Debug|Any CPU.ActiveCfg = Debug|Any CPU
		{5E487021-C461-44AA-8753-42974F51AF56}.Debug|Any CPU.Build.0 = Debug|Any CPU
		{5E487021-C461-44AA-8753-42974F51AF56}.Release|Any CPU.ActiveCfg = Release|Any CPU
		{5E487021-C461-44AA-8753-42974F51AF56}.Release|Any CPU.Build.0 = Release|Any CPU
	EndGlobalSection
	GlobalSection(SolutionProperties) = preSolution
		HideSolutionNode = FALSE
	EndGlobalSection
	GlobalSection(ExtensibilityGlobals) = postSolution
		SolutionGuid = {F349EE20-9285-46B1-8EA9-FEE3BE6459CE}
	EndGlobalSection
EndGlobal
